
Microsoft Visual Studio Solution File, Format Version 12.00
# Visual Studio 15
Project("{FAE04EC0-301F-11D3-BF4B-00C04F79EFBC}") = "Assembly-CSharp", "Assembly-CSharp.csproj", "{913F0706-74E4-C121-6E01-1C8CFD5A14B9}"
EndProject
Project("{FAE04EC0-301F-11D3-BF4B-00C04F79EFBC}") = "Assembly-CSharp-Editor", "Assembly-CSharp-Editor.csproj", "{5B4392D4-04B6-CEED-25B0-DDDE1972562D}"
EndProject
Global
	GlobalSection(SolutionConfigurationPlatforms) = preSolution
		Debug|Any CPU = Debug|Any CPU
		Release|Any CPU = Release|Any CPU
	EndGlobalSection
	GlobalSection(ProjectConfigurationPlatforms) = postSolution
		{913F0706-74E4-C121-6E01-1C8CFD5A14B9}.Debug|Any CPU.ActiveCfg = Debug|Any CPU
		{913F0706-74E4-C121-6E01-1C8CFD5A14B9}.Debug|Any CPU.Build.0 = Debug|Any CPU
		{913F0706-74E4-C121-6E01-1C8CFD5A14B9}.Release|Any CPU.ActiveCfg = Release|Any CPU
		{913F0706-74E4-C121-6E01-1C8CFD5A14B9}.Release|Any CPU.Build.0 = Release|Any CPU
		{5B4392D4-04B6-CEED-25B0-DDDE1972562D}.Debug|Any CPU.ActiveCfg = Debug|Any CPU
		{5B4392D4-04B6-CEED-25B0-DDDE1972562D}.Debug|Any CPU.Build.0 = Debug|Any CPU
		{5B4392D4-04B6-CEED-25B0-DDDE1972562D}.Release|Any CPU.ActiveCfg = Release|Any CPU
		{5B4392D4-04B6-CEED-25B0-DDDE1972562D}.Release|Any CPU.Build.0 = Release|Any CPU
	EndGlobalSection
	GlobalSection(SolutionProperties) = preSolution
		HideSolutionNode = FALSE
	EndGlobalSection
EndGlobal
